
Microsoft Visual Studio Solution File, Format Version 9.00
# Visual Studio 2005
Project("{FAE04EC0-301F-11D3-BF4B-00C04F79EFBC}") = "DataClient", "DataClient.csproj", "{D1179F8D-B088-4A0F-9BC8-5619B935A5AD}"
EndProject
Global
	GlobalSection(SolutionConfigurationPlatforms) = preSolution
		Debug|Any CPU = Debug|Any CPU
		Release|Any CPU = Release|Any CPU
	EndGlobalSection
	GlobalSection(ProjectConfigurationPlatforms) = postSolution
		{D1179F8D-B088-4A0F-9BC8-5619B935A5AD}.Debug|Any CPU.ActiveCfg = Debug|Any CPU
		{D1179F8D-B088-4A0F-9BC8-5619B935A5AD}.Debug|Any CPU.Build.0 = Debug|Any CPU
		{D1179F8D-B088-4A0F-9BC8-5619B935A5AD}.Release|Any CPU.ActiveCfg = Release|Any CPU
		{D1179F8D-B088-4A0F-9BC8-5619B935A5AD}.Release|Any CPU.Build.0 = Release|Any CPU
	EndGlobalSection
	GlobalSection(SolutionProperties) = preSolution
		HideSolutionNode = FALSE
	EndGlobalSection
EndGlobal
